// !$*UTF8*$!
{
	archiveVersion = 1;
	classes = {
	};
	objectVersion = 50;
	objects = {

/* Begin PBXBuildFile section */
		1430B0ED226751E60048B099 /* ArticleModel.swift in Sources */ = {isa = PBXBuildFile; fileRef = 1430B0EC226751E60048B099 /* ArticleModel.swift */; };
		1430B0EF22676C3C0048B099 /* TopicModel.swift in Sources */ = {isa = PBXBuildFile; fileRef = 1430B0EE22676C3C0048B099 /* TopicModel.swift */; };
		1430B0F622678CBF0048B099 /* ArticlesAndTopicsCell.swift in Sources */ = {isa = PBXBuildFile; fileRef = 1430B0F422678CBF0048B099 /* ArticlesAndTopicsCell.swift */; };
		146C4FF522662DBC008C1706 /* AppDelegate.swift in Sources */ = {isa = PBXBuildFile; fileRef = 146C4FF422662DBC008C1706 /* AppDelegate.swift */; };
		146C4FF722662DBC008C1706 /* ListScreen.swift in Sources */ = {isa = PBXBuildFile; fileRef = 146C4FF622662DBC008C1706 /* ListScreen.swift */; };
		146C4FFA22662DBC008C1706 /* ListScreen.storyboard in Resources */ = {isa = PBXBuildFile; fileRef = 146C4FF822662DBC008C1706 /* ListScreen.storyboard */; };
		146C4FFC22662DBE008C1706 /* Assets.xcassets in Resources */ = {isa = PBXBuildFile; fileRef = 146C4FFB22662DBE008C1706 /* Assets.xcassets */; };
		146C4FFF22662DBE008C1706 /* LaunchScreen.storyboard in Resources */ = {isa = PBXBuildFile; fileRef = 146C4FFD22662DBE008C1706 /* LaunchScreen.storyboard */; };
		CF210DE7110BC9B4B24F17C0 /* Pods_OmniNews.framework in Frameworks */ = {isa = PBXBuildFile; fileRef = DAAD4D603D79913929F330AD /* Pods_OmniNews.framework */; };
/* End PBXBuildFile section */

/* Begin PBXFileReference section */
		1430B0EC226751E60048B099 /* ArticleModel.swift */ = {isa = PBXFileReference; lastKnownFileType = sourcecode.swift; path = ArticleModel.swift; sourceTree = "<group>"; };
		1430B0EE22676C3C0048B099 /* TopicModel.swift */ = {isa = PBXFileReference; lastKnownFileType = sourcecode.swift; path = TopicModel.swift; sourceTree = "<group>"; };
		1430B0F422678CBF0048B099 /* ArticlesAndTopicsCell.swift */ = {isa = PBXFileReference; lastKnownFileType = sourcecode.swift; path = ArticlesAndTopicsCell.swift; sourceTree = "<group>"; };
		146C4FF122662DBC008C1706 /* OmniNews.app */ = {isa = PBXFileReference; explicitFileType = wrapper.application; includeInIndex = 0; path = OmniNews.app; sourceTree = BUILT_PRODUCTS_DIR; };
		146C4FF422662DBC008C1706 /* AppDelegate.swift */ = {isa = PBXFileReference; lastKnownFileType = sourcecode.swift; path = AppDelegate.swift; sourceTree = "<group>"; };
		146C4FF622662DBC008C1706 /* ListScreen.swift */ = {isa = PBXFileReference; lastKnownFileType = sourcecode.swift; path = ListScreen.swift; sourceTree = "<group>"; };
		146C4FF922662DBC008C1706 /* Base */ = {isa = PBXFileReference; lastKnownFileType = file.storyboard; name = Base; path = Base.lproj/ListScreen.storyboard; sourceTree = "<group>"; };
		146C4FFB22662DBE008C1706 /* Assets.xcassets */ = {isa = PBXFileReference; lastKnownFileType = folder.assetcatalog; path = Assets.xcassets; sourceTree = "<group>"; };
		146C4FFE22662DBE008C1706 /* Base */ = {isa = PBXFileReference; lastKnownFileType = file.storyboard; name = Base; path = Base.lproj/LaunchScreen.storyboard; sourceTree = "<group>"; };
		146C500022662DBE008C1706 /* Info.plist */ = {isa = PBXFileReference; lastKnownFileType = text.plist.xml; path = Info.plist; sourceTree = "<group>"; };
		61D375834B23C5285CD8F863 /* Pods-OmniNews.debug.xcconfig */ = {isa = PBXFileReference; includeInIndex = 1; lastKnownFileType = text.xcconfig; name = "Pods-OmniNews.debug.xcconfig"; path = "Pods/Target Support Files/Pods-OmniNews/Pods-OmniNews.debug.xcconfig"; sourceTree = "<group>"; };
		DAAD4D603D79913929F330AD /* Pods_OmniNews.framework */ = {isa = PBXFileReference; explicitFileType = wrapper.framework; includeInIndex = 0; path = Pods_OmniNews.framework; sourceTree = BUILT_PRODUCTS_DIR; };
		E041B4841273267757FC9A60 /* Pods-OmniNews.release.xcconfig */ = {isa = PBXFileReference; includeInIndex = 1; lastKnownFileType = text.xcconfig; name = "Pods-OmniNews.release.xcconfig"; path = "Pods/Target Support Files/Pods-OmniNews/Pods-OmniNews.release.xcconfig"; sourceTree = "<group>"; };
/* End PBXFileReference section */

/* Begin PBXFrameworksBuildPhase section */
		146C4FEE22662DBC008C1706 /* Frameworks */ = {
			isa = PBXFrameworksBuildPhase;
			buildActionMask = 2147483647;
			files = (
				CF210DE7110BC9B4B24F17C0 /* Pods_OmniNews.framework in Frameworks */,
			);
			runOnlyForDeploymentPostprocessing = 0;
		};
/* End PBXFrameworksBuildPhase section */

/* Begin PBXGroup section */
		141741B52266347900FC407D /* Model */ = {
			isa = PBXGroup;
			children = (
				1430B0EC226751E60048B099 /* ArticleModel.swift */,
				1430B0EE22676C3C0048B099 /* TopicModel.swift */,
			);
			path = Model;
			sourceTree = "<group>";
		};
		141741B62266348600FC407D /* View */ = {
			isa = PBXGroup;
			children = (
				146C4FF822662DBC008C1706 /* ListScreen.storyboard */,
				141741B8226634A400FC407D /* Cells */,
			);
			path = View;
			sourceTree = "<group>";
		};
		141741B72266349000FC407D /* Controller */ = {
			isa = PBXGroup;
			children = (
				146C4FF422662DBC008C1706 /* AppDelegate.swift */,
				146C4FF622662DBC008C1706 /* ListScreen.swift */,
			);
			path = Controller;
			sourceTree = "<group>";
		};
		141741B8226634A400FC407D /* Cells */ = {
			isa = PBXGroup;
			children = (
				1430B0F422678CBF0048B099 /* ArticlesAndTopicsCell.swift */,
			);
			path = Cells;
			sourceTree = "<group>";
		};
		141741B9226634B500FC407D /* Supporting Files */ = {
			isa = PBXGroup;
			children = (
				146C4FFB22662DBE008C1706 /* Assets.xcassets */,
				146C4FFD22662DBE008C1706 /* LaunchScreen.storyboard */,
			);
			path = "Supporting Files";
			sourceTree = "<group>";
		};
		146C4FE822662DBC008C1706 = {
			isa = PBXGroup;
			children = (
				146C4FF322662DBC008C1706 /* OmniNews */,
				146C4FF222662DBC008C1706 /* Products */,
				B33765C15E3970B3DCA0F25A /* Pods */,
				7F9EC986C62576B70DFA3175 /* Frameworks */,
			);
			sourceTree = "<group>";
		};
		146C4FF222662DBC008C1706 /* Products */ = {
			isa = PBXGroup;
			children = (
				146C4FF122662DBC008C1706 /* OmniNews.app */,
			);
			name = Products;
			sourceTree = "<group>";
		};
		146C4FF322662DBC008C1706 /* OmniNews */ = {
			isa = PBXGroup;
			children = (
				141741B9226634B500FC407D /* Supporting Files */,
				141741B52266347900FC407D /* Model */,
				141741B62266348600FC407D /* View */,
				141741B72266349000FC407D /* Controller */,
				146C500022662DBE008C1706 /* Info.plist */,
			);
			path = OmniNews;
			sourceTree = "<group>";
		};
		7F9EC986C62576B70DFA3175 /* Frameworks */ = {
			isa = PBXGroup;
			children = (
				DAAD4D603D79913929F330AD /* Pods_OmniNews.framework */,
			);
			name = Frameworks;
			sourceTree = "<group>";
		};
		B33765C15E3970B3DCA0F25A /* Pods */ = {
			isa = PBXGroup;
			children = (
				61D375834B23C5285CD8F863 /* Pods-OmniNews.debug.xcconfig */,
				E041B4841273267757FC9A60 /* Pods-OmniNews.release.xcconfig */,
			);
			name = Pods;
			sourceTree = "<group>";
		};
/* End PBXGroup section */

/* Begin PBXNativeTarget section */
		146C4FF022662DBC008C1706 /* OmniNews */ = {
			isa = PBXNativeTarget;
			buildConfigurationList = 146C500322662DBE008C1706 /* Build configuration list for PBXNativeTarget "OmniNews" */;
			buildPhases = (
				F449B3387F4151C1586FB599 /* [CP] Check Pods Manifest.lock */,
				146C4FED22662DBC008C1706 /* Sources */,
				146C4FEE22662DBC008C1706 /* Frameworks */,
				146C4FEF22662DBC008C1706 /* Resources */,
				69DDF6B842EE40414E7111C3 /* [CP] Embed Pods Frameworks */,
			);
			buildRules = (
			);
			dependencies = (
			);
			name = OmniNews;
			productName = OmniNews;
			productReference = 146C4FF122662DBC008C1706 /* OmniNews.app */;
			productType = "com.apple.product-type.application";
		};
/* End PBXNativeTarget section */

/* Begin PBXProject section */
		146C4FE922662DBC008C1706 /* Project object */ = {
			isa = PBXProject;
			attributes = {
				LastSwiftUpdateCheck = 1020;
				LastUpgradeCheck = 1020;
				ORGANIZATIONNAME = Filip;
				TargetAttributes = {
					146C4FF022662DBC008C1706 = {
						CreatedOnToolsVersion = 10.2;
					};
				};
			};
			buildConfigurationList = 146C4FEC22662DBC008C1706 /* Build configuration list for PBXProject "OmniNews" */;
			compatibilityVersion = "Xcode 9.3";
			developmentRegion = en;
			hasScannedForEncodings = 0;
			knownRegions = (
				en,
				Base,
			);
			mainGroup = 146C4FE822662DBC008C1706;
			productRefGroup = 146C4FF222662DBC008C1706 /* Products */;
			projectDirPath = "";
			projectRoot = "";
			targets = (
				146C4FF022662DBC008C1706 /* OmniNews */,
			);
		};
/* End PBXProject section */

/* Begin PBXResourcesBuildPhase section */
		146C4FEF22662DBC008C1706 /* Resources */ = {
			isa = PBXResourcesBuildPhase;
			buildActionMask = 2147483647;
			files = (
				146C4FFF22662DBE008C1706 /* LaunchScreen.storyboard in Resources */,
				146C4FFC22662DBE008C1706 /* Assets.xcassets in Resources */,
				146C4FFA22662DBC008C1706 /* ListScreen.storyboard in Resources */,
			);
			runOnlyForDeploymentPostprocessing = 0;
		};
/* End PBXResourcesBuildPhase section */

/* Begin PBXShellScriptBuildPhase section */
		69DDF6B842EE40414E7111C3 /* [CP] Embed Pods Frameworks */ = {
			isa = PBXShellScriptBuildPhase;
			buildActionMask = 2147483647;
			files = (
			);
			inputFileListPaths = (
			);
			inputPaths = (
				"${SRCROOT}/Pods/Target Support Files/Pods-OmniNews/Pods-OmniNews-frameworks.sh",
				"${BUILT_PRODUCTS_DIR}/Alamofire/Alamofire.framework",
				"${BUILT_PRODUCTS_DIR}/Kingfisher/Kingfisher.framework",
				"${BUILT_PRODUCTS_DIR}/SVProgressHUD/SVProgressHUD.framework",
				"${BUILT_PRODUCTS_DIR}/SwiftyJSON/SwiftyJSON.framework",
			);
			name = "[CP] Embed Pods Frameworks";
			outputFileListPaths = (
			);
			outputPaths = (
				"${TARGET_BUILD_DIR}/${FRAMEWORKS_FOLDER_PATH}/Alamofire.framework",
				"${TARGET_BUILD_DIR}/${FRAMEWORKS_FOLDER_PATH}/Kingfisher.framework",
				"${TARGET_BUILD_DIR}/${FRAMEWORKS_FOLDER_PATH}/SVProgressHUD.framework",
				"${TARGET_BUILD_DIR}/${FRAMEWORKS_FOLDER_PATH}/SwiftyJSON.framework",
			);
			runOnlyForDeploymentPostprocessing = 0;
			shellPath = /bin/sh;
			shellScript = "\"${SRCROOT}/Pods/Target Support Files/Pods-OmniNews/Pods-OmniNews-frameworks.sh\"\n";
			showEnvVarsInLog = 0;
		};
		F449B3387F4151C1586FB599 /* [CP] Check Pods Manifest.lock */ = {
			isa = PBXShellScriptBuildPhase;
			buildActionMask = 2147483647;
			files = (
			);
			inputFileListPaths = (
			);
			inputPaths = (
				"${PODS_PODFILE_DIR_PATH}/Podfile.lock",
				"${PODS_ROOT}/Manifest.lock",
			);
			name = "[CP] Check Pods Manifest.lock";
			outputFileListPaths = (
			);
			outputPaths = (
				"$(DERIVED_FILE_DIR)/Pods-OmniNews-checkManifestLockResult.txt",
			);
			runOnlyForDeploymentPostprocessing = 0;
			shellPath = /bin/sh;
			shellScript = "diff \"${PODS_PODFILE_DIR_PATH}/Podfile.lock\" \"${PODS_ROOT}/Manifest.lock\" > /dev/null\nif [ $? != 0 ] ; then\n    # print error to STDERR\n    echo \"error: The sandbox is not in sync with the Podfile.lock. Run 'pod install' or update your CocoaPods installation.\" >&2\n    exit 1\nfi\n# This output is used by Xcode 'outputs' to avoid re-running this script phase.\necho \"SUCCESS\" > \"${SCRIPT_OUTPUT_FILE_0}\"\n";
			showEnvVarsInLog = 0;
		};
/* End PBXShellScriptBuildPhase section */

/* Begin PBXSourcesBuildPhase section */
		146C4FED22662DBC008C1706 /* Sources */ = {
			isa = PBXSourcesBuildPhase;
			buildActionMask = 2147483647;
			files = (
				1430B0EF22676C3C0048B099 /* TopicModel.swift in Sources */,
				146C4FF722662DBC008C1706 /* ListScreen.swift in Sources */,
				1430B0ED226751E60048B099 /* ArticleModel.swift in Sources */,
				1430B0F622678CBF0048B099 /* ArticlesAndTopicsCell.swift in Sources */,
				146C4FF522662DBC008C1706 /* AppDelegate.swift in Sources */,
			);
			runOnlyForDeploymentPostprocessing = 0;
		};
/* End PBXSourcesBuildPhase section */

/* Begin PBXVariantGroup section */
		146C4FF822662DBC008C1706 /* ListScreen.storyboard */ = {
			isa = PBXVariantGroup;
			children = (
				146C4FF922662DBC008C1706 /* Base */,
			);
			name = ListScreen.storyboard;
			sourceTree = "<group>";
		};
		146C4FFD22662DBE008C1706 /* LaunchScreen.storyboard */ = {
			isa = PBXVariantGroup;
			children = (
				146C4FFE22662DBE008C1706 /* Base */,
			);
			name = LaunchScreen.storyboard;
			sourceTree = "<group>";
		};
/* End PBXVariantGroup section */

/* Begin XCBuildConfiguration section */
		146C500122662DBE008C1706 /* Debug */ = {
			isa = XCBuildConfiguration;
			buildSettings = {
				ALWAYS_SEARCH_USER_PATHS = NO;
				CLANG_ANALYZER_NONNULL = YES;
				CLANG_ANALYZER_NUMBER_OBJECT_CONVERSION = YES_AGGRESSIVE;
				CLANG_CXX_LANGUAGE_STANDARD = "gnu++14";
				CLANG_CXX_LIBRARY = "libc++";
				CLANG_ENABLE_MODULES = YES;
				CLANG_ENABLE_OBJC_ARC = YES;
				CLANG_ENABLE_OBJC_WEAK = YES;
				CLANG_WARN_BLOCK_CAPTURE_AUTORELEASING = YES;
				CLANG_WARN_BOOL_CONVERSION = YES;
				CLANG_WARN_COMMA = YES;
				CLANG_WARN_CONSTANT_CONVERSION = YES;
				CLANG_WARN_DEPRECATED_OBJC_IMPLEMENTATIONS = YES;
				CLANG_WARN_DIRECT_OBJC_ISA_USAGE = YES_ERROR;
				CLANG_WARN_DOCUMENTATION_COMMENTS = YES;
				CLANG_WARN_EMPTY_BODY = YES;
				CLANG_WARN_ENUM_CONVERSION = YES;
				CLANG_WARN_INFINITE_RECURSION = YES;
				CLANG_WARN_INT_CONVERSION = YES;
				CLANG_WARN_NON_LITERAL_NULL_CONVERSION = YES;
				CLANG_WARN_OBJC_IMPLICIT_RETAIN_SELF = YES;
				CLANG_WARN_OBJC_LITERAL_CONVERSION = YES;
				CLANG_WARN_OBJC_ROOT_CLASS = YES_ERROR;
				CLANG_WARN_RANGE_LOOP_ANALYSIS = YES;
				CLANG_WARN_STRICT_PROTOTYPES = YES;
				CLANG_WARN_SUSPICIOUS_MOVE = YES;
				CLANG_WARN_UNGUARDED_AVAILABILITY = YES_AGGRESSIVE;
				CLANG_WARN_UNREACHABLE_CODE = YES;
				CLANG_WARN__DUPLICATE_METHOD_MATCH = YES;
				CODE_SIGN_IDENTITY = "iPhone Developer";
				COPY_PHASE_STRIP = NO;
				DEBUG_INFORMATION_FORMAT = dwarf;
				ENABLE_STRICT_OBJC_MSGSEND = YES;
				ENABLE_TESTABILITY = YES;
				GCC_C_LANGUAGE_STANDARD = gnu11;
				GCC_DYNAMIC_NO_PIC = NO;
				GCC_NO_COMMON_BLOCKS = YES;
				GCC_OPTIMIZATION_LEVEL = 0;
				GCC_PREPROCESSOR_DEFINITIONS = (
					"DEBUG=1",
					"$(inherited)",
				);
				GCC_WARN_64_TO_32_BIT_CONVERSION = YES;
				GCC_WARN_ABOUT_RETURN_TYPE = YES_ERROR;
				GCC_WARN_UNDECLARED_SELECTOR = YES;
				GCC_WARN_UNINITIALIZED_AUTOS = YES_AGGRESSIVE;
				GCC_WARN_UNUSED_FUNCTION = YES;
				GCC_WARN_UNUSED_VARIABLE = YES;
				IPHONEOS_DEPLOYMENT_TARGET = 12.2;
				MTL_ENABLE_DEBUG_INFO = INCLUDE_SOURCE;
				MTL_FAST_MATH = YES;
				ONLY_ACTIVE_ARCH = YES;
				SDKROOT = iphoneos;
				SWIFT_ACTIVE_COMPILATION_CONDITIONS = DEBUG;
				SWIFT_OPTIMIZATION_LEVEL = "-Onone";
			};
			name = Debug;
		};
		146C500222662DBE008C1706 /* Release */ = {
			isa = XCBuildConfiguration;
			buildSettings = {
				ALWAYS_SEARCH_USER_PATHS = NO;
				CLANG_ANALYZER_NONNULL = YES;
				CLANG_ANALYZER_NUMBER_OBJECT_CONVERSION = YES_AGGRESSIVE;
				CLANG_CXX_LANGUAGE_STANDARD = "gnu++14";
				CLANG_CXX_LIBRARY = "libc++";
				CLANG_ENABLE_MODULES = YES;
				CLANG_ENABLE_OBJC_ARC = YES;
				CLANG_ENABLE_OBJC_WEAK = YES;
				CLANG_WARN_BLOCK_CAPTURE_AUTORELEASING = YES;
				CLANG_WARN_BOOL_CONVERSION = YES;
				CLANG_WARN_COMMA = YES;
				CLANG_WARN_CONSTANT_CONVERSION = YES;
				CLANG_WARN_DEPRECATED_OBJC_IMPLEMENTATIONS = YES;
				CLANG_WARN_DIRECT_OBJC_ISA_USAGE = YES_ERROR;
				CLANG_WARN_DOCUMENTATION_COMMENTS = YES;
				CLANG_WARN_EMPTY_BODY = YES;
				CLANG_WARN_ENUM_CONVERSION = YES;
				CLANG_WARN_INFINITE_RECURSION = YES;
				CLANG_WARN_INT_CONVERSION = YES;
				CLANG_WARN_NON_LITERAL_NULL_CONVERSION = YES;
				CLANG_WARN_OBJC_IMPLICIT_RETAIN_SELF = YES;
				CLANG_WARN_OBJC_LITERAL_CONVERSION = YES;
				CLANG_WARN_OBJC_ROOT_CLASS = YES_ERROR;
				CLANG_WARN_RANGE_LOOP_ANALYSIS = YES;
				CLANG_WARN_STRICT_PROTOTYPES = YES;
				CLANG_WARN_SUSPICIOUS_MOVE = YES;
				CLANG_WARN_UNGUARDED_AVAILABILITY = YES_AGGRESSIVE;
				CLANG_WARN_UNREACHABLE_CODE = YES;
				CLANG_WARN__DUPLICATE_METHOD_MATCH = YES;
				CODE_SIGN_IDENTITY = "iPhone Developer";
				COPY_PHASE_STRIP = NO;
				DEBUG_INFORMATION_FORMAT = "dwarf-with-dsym";
				ENABLE_NS_ASSERTIONS = NO;
				ENABLE_STRICT_OBJC_MSGSEND = YES;
				GCC_C_LANGUAGE_STANDARD = gnu11;
				GCC_NO_COMMON_BLOCKS = YES;
				GCC_WARN_64_TO_32_BIT_CONVERSION = YES;
				GCC_WARN_ABOUT_RETURN_TYPE = YES_ERROR;
				GCC_WARN_UNDECLARED_SELECTOR = YES;
				GCC_WARN_UNINITIALIZED_AUTOS = YES_AGGRESSIVE;
				GCC_WARN_UNUSED_FUNCTION = YES;
				GCC_WARN_UNUSED_VARIABLE = YES;
				IPHONEOS_DEPLOYMENT_TARGET = 12.2;
				MTL_ENABLE_DEBUG_INFO = NO;
				MTL_FAST_MATH = YES;
				SDKROOT = iphoneos;
				SWIFT_COMPILATION_MODE = wholemodule;
				SWIFT_OPTIMIZATION_LEVEL = "-O";
				VALIDATE_PRODUCT = YES;
			};
			name = Release;
		};
		146C500422662DBE008C1706 /* Debug */ = {
			isa = XCBuildConfiguration;
			baseConfigurationReference = 61D375834B23C5285CD8F863 /* Pods-OmniNews.debug.xcconfig */;
			buildSettings = {
				ASSETCATALOG_COMPILER_APPICON_NAME = AppIcon;
				CODE_SIGN_STYLE = Automatic;
				DEVELOPMENT_TEAM = FTSDJRAZR8;
				INFOPLIST_FILE = OmniNews/Info.plist;
				IPHONEOS_DEPLOYMENT_TARGET = 10.0;
				LD_RUNPATH_SEARCH_PATHS = (
					"$(inherited)",
					"@executable_path/Frameworks",
				);
				PRODUCT_BUNDLE_IDENTIFIER = fg.OmniNews;
				PRODUCT_NAME = "$(TARGET_NAME)";
				SWIFT_VERSION = 5.0;
				TARGETED_DEVICE_FAMILY = 1;
			};
			name = Debug;
		};
		146C500522662DBE008C1706 /* Release */ = {
			isa = XCBuildConfiguration;
			baseConfigurationReference = E041B4841273267757FC9A60 /* Pods-OmniNews.release.xcconfig */;
			buildSettings = {
				ASSETCATALOG_COMPILER_APPICON_NAME = AppIcon;
				CODE_SIGN_STYLE = Automatic;
				DEVELOPMENT_TEAM = FTSDJRAZR8;
				INFOPLIST_FILE = OmniNews/Info.plist;
				IPHONEOS_DEPLOYMENT_TARGET = 10.0;
				LD_RUNPATH_SEARCH_PATHS = (
					"$(inherited)",
					"@executable_path/Frameworks",
				);
				PRODUCT_BUNDLE_IDENTIFIER = fg.OmniNews;
				PRODUCT_NAME = "$(TARGET_NAME)";
				SWIFT_VERSION = 5.0;
				TARGETED_DEVICE_FAMILY = 1;
			};
			name = Release;
		};
/* End XCBuildConfiguration section */

/* Begin XCConfigurationList section */
		146C4FEC22662DBC008C1706 /* Build configuration list for PBXProject "OmniNews" */ = {
			isa = XCConfigurationList;
			buildConfigurations = (
				146C500122662DBE008C1706 /* Debug */,
				146C500222662DBE008C1706 /* Release */,
			);
			defaultConfigurationIsVisible = 0;
			defaultConfigurationName = Release;
		};
		146C500322662DBE008C1706 /* Build configuration list for PBXNativeTarget "OmniNews" */ = {
			isa = XCConfigurationList;
			buildConfigurations = (
				146C500422662DBE008C1706 /* Debug */,
				146C500522662DBE008C1706 /* Release */,
			);
			defaultConfigurationIsVisible = 0;
			defaultConfigurationName = Release;
		};
/* End XCConfigurationList section */
	};
	rootObject = 146C4FE922662DBC008C1706 /* Project object */;
}
